
Microsoft Visual Studio Solution File, Format Version 12.00
# Visual Studio Version 16
VisualStudioVersion = 16.0.32106.194
MinimumVisualStudioVersion = 10.0.40219.1
Project("{FAE04EC0-301F-11D3-BF4B-00C04F79EFBC}") = "AccountOwnerServerAPI", "AccountOwnerServerAPI\AccountOwnerServerAPI.csproj", "{04FF9B70-A195-41F5-B03D-8ADFE892DA29}"
EndProject
Project("{FAE04EC0-301F-11D3-BF4B-00C04F79EFBC}") = "Contracts", "Contracts\Contracts.csproj", "{02891220-D76F-47AF-96D4-588C7B6B75B4}"
EndProject
Project("{FAE04EC0-301F-11D3-BF4B-00C04F79EFBC}") = "LoggerService", "LoggerService\LoggerService.csproj", "{7D7AEC16-6381-477D-AAB0-47C632DD2CCE}"
EndProject
Project("{FAE04EC0-301F-11D3-BF4B-00C04F79EFBC}") = "Entities", "Entities\Entities.csproj", "{6A52D779-CAF6-40B7-9A64-487C2018885F}"
EndProject
Global
	GlobalSection(SolutionConfigurationPlatforms) = preSolution
		Debug|Any CPU = Debug|Any CPU
		Release|Any CPU = Release|Any CPU
	EndGlobalSection
	GlobalSection(ProjectConfigurationPlatforms) = postSolution
		{04FF9B70-A195-41F5-B03D-8ADFE892DA29}.Debug|Any CPU.ActiveCfg = Debug|Any CPU
		{04FF9B70-A195-41F5-B03D-8ADFE892DA29}.Debug|Any CPU.Build.0 = Debug|Any CPU
		{04FF9B70-A195-41F5-B03D-8ADFE892DA29}.Release|Any CPU.ActiveCfg = Release|Any CPU
		{04FF9B70-A195-41F5-B03D-8ADFE892DA29}.Release|Any CPU.Build.0 = Release|Any CPU
		{02891220-D76F-47AF-96D4-588C7B6B75B4}.Debug|Any CPU.ActiveCfg = Debug|Any CPU
		{02891220-D76F-47AF-96D4-588C7B6B75B4}.Debug|Any CPU.Build.0 = Debug|Any CPU
		{02891220-D76F-47AF-96D4-588C7B6B75B4}.Release|Any CPU.ActiveCfg = Release|Any CPU
		{02891220-D76F-47AF-96D4-588C7B6B75B4}.Release|Any CPU.Build.0 = Release|Any CPU
		{7D7AEC16-6381-477D-AAB0-47C632DD2CCE}.Debug|Any CPU.ActiveCfg = Debug|Any CPU
		{7D7AEC16-6381-477D-AAB0-47C632DD2CCE}.Debug|Any CPU.Build.0 = Debug|Any CPU
		{7D7AEC16-6381-477D-AAB0-47C632DD2CCE}.Release|Any CPU.ActiveCfg = Release|Any CPU
		{7D7AEC16-6381-477D-AAB0-47C632DD2CCE}.Release|Any CPU.Build.0 = Release|Any CPU
		{6A52D779-CAF6-40B7-9A64-487C2018885F}.Debug|Any CPU.ActiveCfg = Debug|Any CPU
		{6A52D779-CAF6-40B7-9A64-487C2018885F}.Debug|Any CPU.Build.0 = Debug|Any CPU
		{6A52D779-CAF6-40B7-9A64-487C2018885F}.Release|Any CPU.ActiveCfg = Release|Any CPU
		{6A52D779-CAF6-40B7-9A64-487C2018885F}.Release|Any CPU.Build.0 = Release|Any CPU
	EndGlobalSection
	GlobalSection(SolutionProperties) = preSolution
		HideSolutionNode = FALSE
	EndGlobalSection
	GlobalSection(ExtensibilityGlobals) = postSolution
		SolutionGuid = {9C62734B-20F6-47F8-8D21-5F146A509EDE}
	EndGlobalSection
EndGlobal
